
Microsoft Visual Studio Solution File, Format Version 12.00
# Visual Studio Version 17
VisualStudioVersion = 17.10.35013.160
MinimumVisualStudioVersion = 10.0.40219.1
Project("{FAE04EC0-301F-11D3-BF4B-00C04F79EFBC}") = "CustomServer", "CustomServer\CustomServer.csproj", "{F642AFCA-2A5E-460C-9D8C-535521B33233}"
EndProject
Global
	GlobalSection(SolutionConfigurationPlatforms) = preSolution
		Debug|Any CPU = Debug|Any CPU
		Release|Any CPU = Release|Any CPU
	EndGlobalSection
	GlobalSection(ProjectConfigurationPlatforms) = postSolution
		{F642AFCA-2A5E-460C-9D8C-535521B33233}.Debug|Any CPU.ActiveCfg = Debug|Any CPU
		{F642AFCA-2A5E-460C-9D8C-535521B33233}.Debug|Any CPU.Build.0 = Debug|Any CPU
		{F642AFCA-2A5E-460C-9D8C-535521B33233}.Release|Any CPU.ActiveCfg = Release|Any CPU
		{F642AFCA-2A5E-460C-9D8C-535521B33233}.Release|Any CPU.Build.0 = Release|Any CPU
	EndGlobalSection
	GlobalSection(SolutionProperties) = preSolution
		HideSolutionNode = FALSE
	EndGlobalSection
	GlobalSection(ExtensibilityGlobals) = postSolution
		SolutionGuid = {C8C0F41B-09EA-48E0-854A-D8C08C61F74B}
	EndGlobalSection
EndGlobal
